
Microsoft Visual Studio Solution File, Format Version 12.00
# Visual Studio Version 16
VisualStudioVersion = 16.0.30309.148
MinimumVisualStudioVersion = 10.0.40219.1
Project("{FAE04EC0-301F-11D3-BF4B-00C04F79EFBC}") = "Webgentle.BookStore", "Webgentle.BookStore\Webgentle.BookStore.csproj", "{D60AD9B1-ED4E-434E-9107-3CE5B67ADD55}"
EndProject
Global
	GlobalSection(SolutionConfigurationPlatforms) = preSolution
		Debug|Any CPU = Debug|Any CPU
		Release|Any CPU = Release|Any CPU
	EndGlobalSection
	GlobalSection(ProjectConfigurationPlatforms) = postSolution
		{D60AD9B1-ED4E-434E-9107-3CE5B67ADD55}.Debug|Any CPU.ActiveCfg = Debug|Any CPU
		{D60AD9B1-ED4E-434E-9107-3CE5B67ADD55}.Debug|Any CPU.Build.0 = Debug|Any CPU
		{D60AD9B1-ED4E-434E-9107-3CE5B67ADD55}.Release|Any CPU.ActiveCfg = Release|Any CPU
		{D60AD9B1-ED4E-434E-9107-3CE5B67ADD55}.Release|Any CPU.Build.0 = Release|Any CPU
	EndGlobalSection
	GlobalSection(SolutionProperties) = preSolution
		HideSolutionNode = FALSE
	EndGlobalSection
	GlobalSection(ExtensibilityGlobals) = postSolution
		SolutionGuid = {B3C1C6DA-EEDF-42FE-8059-871A7A127E3C}
	EndGlobalSection
EndGlobal
